# This file is automatically @generated by Cargo.
# It is not intended for manual editing.
version = 4

[[package]]
name = "thewiki-api"
version = "0.1.0"

[[package]]
name = "thewiki-core"
version = "0.1.0"

[[package]]
name = "thewiki-render"
version = "0.1.0"
dependencies = [
 "thewiki-core",
]

[[package]]
name = "thewiki-search"
version = "0.1.0"
dependencies = [
 "thewiki-core",
]

[[package]]
name = "thewiki-storage"
version = "0.1.0"
dependencies = [
 "thewiki-core",
]

[[package]]
name = "xtask"
version = "0.1.0"
